// !$*UTF8*$!
{
	archiveVersion = 1;
	classes = {
	};
	objectVersion = 55;
	objects = {

/* Begin PBXBuildFile section */
		DE871EBD29B965A700873EF4 /* Assets.xcassets in Resources */ = {isa = PBXBuildFile; fileRef = DE871EBC29B965A700873EF4 /* Assets.xcassets */; };
		DEB394EC299E08750052BD58 /* AppDelegate.swift in Sources */ = {isa = PBXBuildFile; fileRef = DEB394EB299E08750052BD58 /* AppDelegate.swift */; };
		DEB394EE299E08750052BD58 /* SceneDelegate.swift in Sources */ = {isa = PBXBuildFile; fileRef = DEB394ED299E08750052BD58 /* SceneDelegate.swift */; };
		DEB394F0299E08750052BD58 /* ViewController.swift in Sources */ = {isa = PBXBuildFile; fileRef = DEB394EF299E08750052BD58 /* ViewController.swift */; };
		DEB394F3299E08750052BD58 /* Main.storyboard in Resources */ = {isa = PBXBuildFile; fileRef = DEB394F1299E08750052BD58 /* Main.storyboard */; };
		DEB394F8299E08760052BD58 /* LaunchScreen.storyboard in Resources */ = {isa = PBXBuildFile; fileRef = DEB394F6299E08760052BD58 /* LaunchScreen.storyboard */; };
		DEB39500299E0E8C0052BD58 /* Cattegary.swift in Sources */ = {isa = PBXBuildFile; fileRef = DEB394FF299E0E8C0052BD58 /* Cattegary.swift */; };
		DEB39502299E0FA90052BD58 /* GamePage.swift in Sources */ = {isa = PBXBuildFile; fileRef = DEB39501299E0FA90052BD58 /* GamePage.swift */; };
		DECAE26E299F5DF7005D53E2 /* CollectionViewCell.swift in Sources */ = {isa = PBXBuildFile; fileRef = DECAE26C299F5DF7005D53E2 /* CollectionViewCell.swift */; };
		DECAE26F299F5DF7005D53E2 /* CollectionViewCell.xib in Resources */ = {isa = PBXBuildFile; fileRef = DECAE26D299F5DF7005D53E2 /* CollectionViewCell.xib */; };
		DECAE271299F624D005D53E2 /* Last_Page.swift in Sources */ = {isa = PBXBuildFile; fileRef = DECAE270299F624D005D53E2 /* Last_Page.swift */; };
		DECAE273299F6310005D53E2 /* MyCollectionViewCell.swift in Sources */ = {isa = PBXBuildFile; fileRef = DECAE272299F6310005D53E2 /* MyCollectionViewCell.swift */; };
		DEE38E1529A748B900377262 /* myCollectionReusableView.swift in Sources */ = {isa = PBXBuildFile; fileRef = DEE38E1429A748B900377262 /* myCollectionReusableView.swift */; };
/* End PBXBuildFile section */

/* Begin PBXFileReference section */
		DE871EBC29B965A700873EF4 /* Assets.xcassets */ = {isa = PBXFileReference; lastKnownFileType = folder.assetcatalog; path = Assets.xcassets; sourceTree = "<group>"; };
		DEB394E8299E08750052BD58 /* TapOnTheNumber.app */ = {isa = PBXFileReference; explicitFileType = wrapper.application; includeInIndex = 0; path = TapOnTheNumber.app; sourceTree = BUILT_PRODUCTS_DIR; };
		DEB394EB299E08750052BD58 /* AppDelegate.swift */ = {isa = PBXFileReference; lastKnownFileType = sourcecode.swift; path = AppDelegate.swift; sourceTree = "<group>"; };
		DEB394ED299E08750052BD58 /* SceneDelegate.swift */ = {isa = PBXFileReference; lastKnownFileType = sourcecode.swift; path = SceneDelegate.swift; sourceTree = "<group>"; };
		DEB394EF299E08750052BD58 /* ViewController.swift */ = {isa = PBXFileReference; lastKnownFileType = sourcecode.swift; path = ViewController.swift; sourceTree = "<group>"; };
		DEB394F2299E08750052BD58 /* Base */ = {isa = PBXFileReference; lastKnownFileType = file.storyboard; name = Base; path = Base.lproj/Main.storyboard; sourceTree = "<group>"; };
		DEB394F7299E08760052BD58 /* Base */ = {isa = PBXFileReference; lastKnownFileType = file.storyboard; name = Base; path = Base.lproj/LaunchScreen.storyboard; sourceTree = "<group>"; };
		DEB394F9299E08760052BD58 /* Info.plist */ = {isa = PBXFileReference; lastKnownFileType = text.plist.xml; path = Info.plist; sourceTree = "<group>"; };
		DEB394FF299E0E8C0052BD58 /* Cattegary.swift */ = {isa = PBXFileReference; lastKnownFileType = sourcecode.swift; path = Cattegary.swift; sourceTree = "<group>"; };
		DEB39501299E0FA90052BD58 /* GamePage.swift */ = {isa = PBXFileReference; lastKnownFileType = sourcecode.swift; path = GamePage.swift; sourceTree = "<group>"; };
		DECAE26C299F5DF7005D53E2 /* CollectionViewCell.swift */ = {isa = PBXFileReference; lastKnownFileType = sourcecode.swift; path = CollectionViewCell.swift; sourceTree = "<group>"; };
		DECAE26D299F5DF7005D53E2 /* CollectionViewCell.xib */ = {isa = PBXFileReference; lastKnownFileType = file.xib; path = CollectionViewCell.xib; sourceTree = "<group>"; };
		DECAE270299F624D005D53E2 /* Last_Page.swift */ = {isa = PBXFileReference; lastKnownFileType = sourcecode.swift; path = Last_Page.swift; sourceTree = "<group>"; };
		DECAE272299F6310005D53E2 /* MyCollectionViewCell.swift */ = {isa = PBXFileReference; lastKnownFileType = sourcecode.swift; path = MyCollectionViewCell.swift; sourceTree = "<group>"; };
		DEE38E1429A748B900377262 /* myCollectionReusableView.swift */ = {isa = PBXFileReference; lastKnownFileType = sourcecode.swift; path = myCollectionReusableView.swift; sourceTree = "<group>"; };
/* End PBXFileReference section */

/* Begin PBXFrameworksBuildPhase section */
		DEB394E5299E08750052BD58 /* Frameworks */ = {
			isa = PBXFrameworksBuildPhase;
			buildActionMask = 2147483647;
			files = (
			);
			runOnlyForDeploymentPostprocessing = 0;
		};
/* End PBXFrameworksBuildPhase section */

/* Begin PBXGroup section */
		DEB394DF299E08750052BD58 = {
			isa = PBXGroup;
			children = (
				DEB394EA299E08750052BD58 /* TapOnTheNumber */,
				DEB394E9299E08750052BD58 /* Products */,
			);
			sourceTree = "<group>";
		};
		DEB394E9299E08750052BD58 /* Products */ = {
			isa = PBXGroup;
			children = (
				DEB394E8299E08750052BD58 /* TapOnTheNumber.app */,
			);
			name = Products;
			sourceTree = "<group>";
		};
		DEB394EA299E08750052BD58 /* TapOnTheNumber */ = {
			isa = PBXGroup;
			children = (
				DEB394EB299E08750052BD58 /* AppDelegate.swift */,
				DEB394ED299E08750052BD58 /* SceneDelegate.swift */,
				DEB394EF299E08750052BD58 /* ViewController.swift */,
				DEB394F1299E08750052BD58 /* Main.storyboard */,
				DEE38E1429A748B900377262 /* myCollectionReusableView.swift */,
				DECAE272299F6310005D53E2 /* MyCollectionViewCell.swift */,
				DECAE270299F624D005D53E2 /* Last_Page.swift */,
				DEB39501299E0FA90052BD58 /* GamePage.swift */,
				DECAE26C299F5DF7005D53E2 /* CollectionViewCell.swift */,
				DECAE26D299F5DF7005D53E2 /* CollectionViewCell.xib */,
				DEB394FF299E0E8C0052BD58 /* Cattegary.swift */,
				DEB394F6299E08760052BD58 /* LaunchScreen.storyboard */,
				DE871EBC29B965A700873EF4 /* Assets.xcassets */,
				DEB394F9299E08760052BD58 /* Info.plist */,
			);
			path = TapOnTheNumber;
			sourceTree = "<group>";
		};
/* End PBXGroup section */

/* Begin PBXNativeTarget section */
		DEB394E7299E08750052BD58 /* TapOnTheNumber */ = {
			isa = PBXNativeTarget;
			buildConfigurationList = DEB394FC299E08760052BD58 /* Build configuration list for PBXNativeTarget "TapOnTheNumber" */;
			buildPhases = (
				DEB394E4299E08750052BD58 /* Sources */,
				DEB394E5299E08750052BD58 /* Frameworks */,
				DEB394E6299E08750052BD58 /* Resources */,
			);
			buildRules = (
			);
			dependencies = (
			);
			name = TapOnTheNumber;
			productName = TapOnTheNumber;
			productReference = DEB394E8299E08750052BD58 /* TapOnTheNumber.app */;
			productType = "com.apple.product-type.application";
		};
/* End PBXNativeTarget section */

/* Begin PBXProject section */
		DEB394E0299E08750052BD58 /* Project object */ = {
			isa = PBXProject;
			attributes = {
				BuildIndependentTargetsInParallel = 1;
				LastSwiftUpdateCheck = 1300;
				LastUpgradeCheck = 1300;
				TargetAttributes = {
					DEB394E7299E08750052BD58 = {
						CreatedOnToolsVersion = 13.0;
					};
				};
			};
			buildConfigurationList = DEB394E3299E08750052BD58 /* Build configuration list for PBXProject "TapOnTheNumber" */;
			compatibilityVersion = "Xcode 13.0";
			developmentRegion = en;
			hasScannedForEncodings = 0;
			knownRegions = (
				en,
				Base,
			);
			mainGroup = DEB394DF299E08750052BD58;
			productRefGroup = DEB394E9299E08750052BD58 /* Products */;
			projectDirPath = "";
			projectRoot = "";
			targets = (
				DEB394E7299E08750052BD58 /* TapOnTheNumber */,
			);
		};
/* End PBXProject section */

/* Begin PBXResourcesBuildPhase section */
		DEB394E6299E08750052BD58 /* Resources */ = {
			isa = PBXResourcesBuildPhase;
			buildActionMask = 2147483647;
			files = (
				DEB394F8299E08760052BD58 /* LaunchScreen.storyboard in Resources */,
				DECAE26F299F5DF7005D53E2 /* CollectionViewCell.xib in Resources */,
				DE871EBD29B965A700873EF4 /* Assets.xcassets in Resources */,
				DEB394F3299E08750052BD58 /* Main.storyboard in Resources */,
			);
			runOnlyForDeploymentPostprocessing = 0;
		};
/* End PBXResourcesBuildPhase section */

/* Begin PBXSourcesBuildPhase section */
		DEB394E4299E08750052BD58 /* Sources */ = {
			isa = PBXSourcesBuildPhase;
			buildActionMask = 2147483647;
			files = (
				DEB394F0299E08750052BD58 /* ViewController.swift in Sources */,
				DEB39502299E0FA90052BD58 /* GamePage.swift in Sources */,
				DECAE273299F6310005D53E2 /* MyCollectionViewCell.swift in Sources */,
				DECAE26E299F5DF7005D53E2 /* CollectionViewCell.swift in Sources */,
				DEB394EC299E08750052BD58 /* AppDelegate.swift in Sources */,
				DEE38E1529A748B900377262 /* myCollectionReusableView.swift in Sources */,
				DEB39500299E0E8C0052BD58 /* Cattegary.swift in Sources */,
				DECAE271299F624D005D53E2 /* Last_Page.swift in Sources */,
				DEB394EE299E08750052BD58 /* SceneDelegate.swift in Sources */,
			);
			runOnlyForDeploymentPostprocessing = 0;
		};
/* End PBXSourcesBuildPhase section */

/* Begin PBXVariantGroup section */
		DEB394F1299E08750052BD58 /* Main.storyboard */ = {
			isa = PBXVariantGroup;
			children = (
				DEB394F2299E08750052BD58 /* Base */,
			);
			name = Main.storyboard;
			sourceTree = "<group>";
		};
		DEB394F6299E08760052BD58 /* LaunchScreen.storyboard */ = {
			isa = PBXVariantGroup;
			children = (
				DEB394F7299E08760052BD58 /* Base */,
			);
			name = LaunchScreen.storyboard;
			sourceTree = "<group>";
		};
/* End PBXVariantGroup section */

/* Begin XCBuildConfiguration section */
		DEB394FA299E08760052BD58 /* Debug */ = {
			isa = XCBuildConfiguration;
			buildSettings = {
				ALWAYS_SEARCH_USER_PATHS = NO;
				CLANG_ANALYZER_NONNULL = YES;
				CLANG_ANALYZER_NUMBER_OBJECT_CONVERSION = YES_AGGRESSIVE;
				CLANG_CXX_LANGUAGE_STANDARD = "gnu++17";
				CLANG_CXX_LIBRARY = "libc++";
				CLANG_ENABLE_MODULES = YES;
				CLANG_ENABLE_OBJC_ARC = YES;
				CLANG_ENABLE_OBJC_WEAK = YES;
				CLANG_WARN_BLOCK_CAPTURE_AUTORELEASING = YES;
				CLANG_WARN_BOOL_CONVERSION = YES;
				CLANG_WARN_COMMA = YES;
				CLANG_WARN_CONSTANT_CONVERSION = YES;
				CLANG_WARN_DEPRECATED_OBJC_IMPLEMENTATIONS = YES;
				CLANG_WARN_DIRECT_OBJC_ISA_USAGE = YES_ERROR;
				CLANG_WARN_DOCUMENTATION_COMMENTS = YES;
				CLANG_WARN_EMPTY_BODY = YES;
				CLANG_WARN_ENUM_CONVERSION = YES;
				CLANG_WARN_INFINITE_RECURSION = YES;
				CLANG_WARN_INT_CONVERSION = YES;
				CLANG_WARN_NON_LITERAL_NULL_CONVERSION = YES;
				CLANG_WARN_OBJC_IMPLICIT_RETAIN_SELF = YES;
				CLANG_WARN_OBJC_LITERAL_CONVERSION = YES;
				CLANG_WARN_OBJC_ROOT_CLASS = YES_ERROR;
				CLANG_WARN_QUOTED_INCLUDE_IN_FRAMEWORK_HEADER = YES;
				CLANG_WARN_RANGE_LOOP_ANALYSIS = YES;
				CLANG_WARN_STRICT_PROTOTYPES = YES;
				CLANG_WARN_SUSPICIOUS_MOVE = YES;
				CLANG_WARN_UNGUARDED_AVAILABILITY = YES_AGGRESSIVE;
				CLANG_WARN_UNREACHABLE_CODE = YES;
				CLANG_WARN__DUPLICATE_METHOD_MATCH = YES;
				COPY_PHASE_STRIP = NO;
				DEBUG_INFORMATION_FORMAT = dwarf;
				ENABLE_STRICT_OBJC_MSGSEND = YES;
				ENABLE_TESTABILITY = YES;
				GCC_C_LANGUAGE_STANDARD = gnu11;
				GCC_DYNAMIC_NO_PIC = NO;
				GCC_NO_COMMON_BLOCKS = YES;
				GCC_OPTIMIZATION_LEVEL = 0;
				GCC_PREPROCESSOR_DEFINITIONS = (
					"DEBUG=1",
					"$(inherited)",
				);
				GCC_WARN_64_TO_32_BIT_CONVERSION = YES;
				GCC_WARN_ABOUT_RETURN_TYPE = YES_ERROR;
				GCC_WARN_UNDECLARED_SELECTOR = YES;
				GCC_WARN_UNINITIALIZED_AUTOS = YES_AGGRESSIVE;
				GCC_WARN_UNUSED_FUNCTION = YES;
				GCC_WARN_UNUSED_VARIABLE = YES;
				IPHONEOS_DEPLOYMENT_TARGET = 15.0;
				MTL_ENABLE_DEBUG_INFO = INCLUDE_SOURCE;
				MTL_FAST_MATH = YES;
				ONLY_ACTIVE_ARCH = YES;
				SDKROOT = iphoneos;
				SWIFT_ACTIVE_COMPILATION_CONDITIONS = DEBUG;
				SWIFT_OPTIMIZATION_LEVEL = "-Onone";
			};
			name = Debug;
		};
		DEB394FB299E08760052BD58 /* Release */ = {
			isa = XCBuildConfiguration;
			buildSettings = {
				ALWAYS_SEARCH_USER_PATHS = NO;
				CLANG_ANALYZER_NONNULL = YES;
				CLANG_ANALYZER_NUMBER_OBJECT_CONVERSION = YES_AGGRESSIVE;
				CLANG_CXX_LANGUAGE_STANDARD = "gnu++17";
				CLANG_CXX_LIBRARY = "libc++";
				CLANG_ENABLE_MODULES = YES;
				CLANG_ENABLE_OBJC_ARC = YES;
				CLANG_ENABLE_OBJC_WEAK = YES;
				CLANG_WARN_BLOCK_CAPTURE_AUTORELEASING = YES;
				CLANG_WARN_BOOL_CONVERSION = YES;
				CLANG_WARN_COMMA = YES;
				CLANG_WARN_CONSTANT_CONVERSION = YES;
				CLANG_WARN_DEPRECATED_OBJC_IMPLEMENTATIONS = YES;
				CLANG_WARN_DIRECT_OBJC_ISA_USAGE = YES_ERROR;
				CLANG_WARN_DOCUMENTATION_COMMENTS = YES;
				CLANG_WARN_EMPTY_BODY = YES;
				CLANG_WARN_ENUM_CONVERSION = YES;
				CLANG_WARN_INFINITE_RECURSION = YES;
				CLANG_WARN_INT_CONVERSION = YES;
				CLANG_WARN_NON_LITERAL_NULL_CONVERSION = YES;
				CLANG_WARN_OBJC_IMPLICIT_RETAIN_SELF = YES;
				CLANG_WARN_OBJC_LITERAL_CONVERSION = YES;
				CLANG_WARN_OBJC_ROOT_CLASS = YES_ERROR;
				CLANG_WARN_QUOTED_INCLUDE_IN_FRAMEWORK_HEADER = YES;
				CLANG_WARN_RANGE_LOOP_ANALYSIS = YES;
				CLANG_WARN_STRICT_PROTOTYPES = YES;
				CLANG_WARN_SUSPICIOUS_MOVE = YES;
				CLANG_WARN_UNGUARDED_AVAILABILITY = YES_AGGRESSIVE;
				CLANG_WARN_UNREACHABLE_CODE = YES;
				CLANG_WARN__DUPLICATE_METHOD_MATCH = YES;
				COPY_PHASE_STRIP = NO;
				DEBUG_INFORMATION_FORMAT = "dwarf-with-dsym";
				ENABLE_NS_ASSERTIONS = NO;
				ENABLE_STRICT_OBJC_MSGSEND = YES;
				GCC_C_LANGUAGE_STANDARD = gnu11;
				GCC_NO_COMMON_BLOCKS = YES;
				GCC_WARN_64_TO_32_BIT_CONVERSION = YES;
				GCC_WARN_ABOUT_RETURN_TYPE = YES_ERROR;
				GCC_WARN_UNDECLARED_SELECTOR = YES;
				GCC_WARN_UNINITIALIZED_AUTOS = YES_AGGRESSIVE;
				GCC_WARN_UNUSED_FUNCTION = YES;
				GCC_WARN_UNUSED_VARIABLE = YES;
				IPHONEOS_DEPLOYMENT_TARGET = 15.0;
				MTL_ENABLE_DEBUG_INFO = NO;
				MTL_FAST_MATH = YES;
				SDKROOT = iphoneos;
				SWIFT_COMPILATION_MODE = wholemodule;
				SWIFT_OPTIMIZATION_LEVEL = "-O";
				VALIDATE_PRODUCT = YES;
			};
			name = Release;
		};
		DEB394FD299E08760052BD58 /* Debug */ = {
			isa = XCBuildConfiguration;
			buildSettings = {
				ASSETCATALOG_COMPILER_APPICON_NAME = AppIcon;
				ASSETCATALOG_COMPILER_GLOBAL_ACCENT_COLOR_NAME = AccentColor;
				CODE_SIGN_STYLE = Automatic;
				CURRENT_PROJECT_VERSION = 1;
				GENERATE_INFOPLIST_FILE = YES;
				INFOPLIST_FILE = TapOnTheNumber/Info.plist;
				INFOPLIST_KEY_UIApplicationSupportsIndirectInputEvents = YES;
				INFOPLIST_KEY_UILaunchStoryboardName = LaunchScreen;
				INFOPLIST_KEY_UIMainStoryboardFile = Main;
				INFOPLIST_KEY_UISupportedInterfaceOrientations_iPad = "UIInterfaceOrientationPortrait UIInterfaceOrientationPortraitUpsideDown UIInterfaceOrientationLandscapeLeft UIInterfaceOrientationLandscapeRight";
				INFOPLIST_KEY_UISupportedInterfaceOrientations_iPhone = "UIInterfaceOrientationPortrait UIInterfaceOrientationLandscapeLeft UIInterfaceOrientationLandscapeRight";
				LD_RUNPATH_SEARCH_PATHS = (
					"$(inherited)",
					"@executable_path/Frameworks",
				);
				MARKETING_VERSION = 1.0;
				PRODUCT_BUNDLE_IDENTIFIER = com.info.TapOnTheNumber;
				PRODUCT_NAME = "$(TARGET_NAME)";
				SWIFT_EMIT_LOC_STRINGS = YES;
				SWIFT_VERSION = 5.0;
				TARGETED_DEVICE_FAMILY = "1,2";
			};
			name = Debug;
		};
		DEB394FE299E08760052BD58 /* Release */ = {
			isa = XCBuildConfiguration;
			buildSettings = {
				ASSETCATALOG_COMPILER_APPICON_NAME = AppIcon;
				ASSETCATALOG_COMPILER_GLOBAL_ACCENT_COLOR_NAME = AccentColor;
				CODE_SIGN_STYLE = Automatic;
				CURRENT_PROJECT_VERSION = 1;
				GENERATE_INFOPLIST_FILE = YES;
				INFOPLIST_FILE = TapOnTheNumber/Info.plist;
				INFOPLIST_KEY_UIApplicationSupportsIndirectInputEvents = YES;
				INFOPLIST_KEY_UILaunchStoryboardName = LaunchScreen;
				INFOPLIST_KEY_UIMainStoryboardFile = Main;
				INFOPLIST_KEY_UISupportedInterfaceOrientations_iPad = "UIInterfaceOrientationPortrait UIInterfaceOrientationPortraitUpsideDown UIInterfaceOrientationLandscapeLeft UIInterfaceOrientationLandscapeRight";
				INFOPLIST_KEY_UISupportedInterfaceOrientations_iPhone = "UIInterfaceOrientationPortrait UIInterfaceOrientationLandscapeLeft UIInterfaceOrientationLandscapeRight";
				LD_RUNPATH_SEARCH_PATHS = (
					"$(inherited)",
					"@executable_path/Frameworks",
				);
				MARKETING_VERSION = 1.0;
				PRODUCT_BUNDLE_IDENTIFIER = com.info.TapOnTheNumber;
				PRODUCT_NAME = "$(TARGET_NAME)";
				SWIFT_EMIT_LOC_STRINGS = YES;
				SWIFT_VERSION = 5.0;
				TARGETED_DEVICE_FAMILY = "1,2";
			};
			name = Release;
		};
/* End XCBuildConfiguration section */

/* Begin XCConfigurationList section */
		DEB394E3299E08750052BD58 /* Build configuration list for PBXProject "TapOnTheNumber" */ = {
			isa = XCConfigurationList;
			buildConfigurations = (
				DEB394FA299E08760052BD58 /* Debug */,
				DEB394FB299E08760052BD58 /* Release */,
			);
			defaultConfigurationIsVisible = 0;
			defaultConfigurationName = Release;
		};
		DEB394FC299E08760052BD58 /* Build configuration list for PBXNativeTarget "TapOnTheNumber" */ = {
			isa = XCConfigurationList;
			buildConfigurations = (
				DEB394FD299E08760052BD58 /* Debug */,
				DEB394FE299E08760052BD58 /* Release */,
			);
			defaultConfigurationIsVisible = 0;
			defaultConfigurationName = Release;
		};
/* End XCConfigurationList section */
	};
	rootObject = DEB394E0299E08750052BD58 /* Project object */;
}
